
Microsoft Visual Studio Solution File, Format Version 12.00
# Visual Studio Version 17
VisualStudioVersion = 17.6.33829.357
MinimumVisualStudioVersion = 10.0.40219.1
Project("{FAE04EC0-301F-11D3-BF4B-00C04F79EFBC}") = "FirstWebApplication", "FirstWebApplication.csproj", "{443BD012-5325-4CD5-9EFC-539A87B76793}"
EndProject
Global
	GlobalSection(SolutionConfigurationPlatforms) = preSolution
		Debug|Any CPU = Debug|Any CPU
		Release|Any CPU = Release|Any CPU
	EndGlobalSection
	GlobalSection(ProjectConfigurationPlatforms) = postSolution
		{443BD012-5325-4CD5-9EFC-539A87B76793}.Debug|Any CPU.ActiveCfg = Debug|Any CPU
		{443BD012-5325-4CD5-9EFC-539A87B76793}.Debug|Any CPU.Build.0 = Debug|Any CPU
		{443BD012-5325-4CD5-9EFC-539A87B76793}.Release|Any CPU.ActiveCfg = Release|Any CPU
		{443BD012-5325-4CD5-9EFC-539A87B76793}.Release|Any CPU.Build.0 = Release|Any CPU
	EndGlobalSection
	GlobalSection(SolutionProperties) = preSolution
		HideSolutionNode = FALSE
	EndGlobalSection
	GlobalSection(ExtensibilityGlobals) = postSolution
		SolutionGuid = {45267D4E-4EED-4259-8782-B9B3172705E0}
	EndGlobalSection
EndGlobal
